
Microsoft Visual Studio Solution File, Format Version 12.00
# Visual Studio Version 17
VisualStudioVersion = 17.7.34024.191
MinimumVisualStudioVersion = 10.0.40219.1
Project("{8BC9CEB8-8B4A-11D0-8D11-00A0C91BC942}") = "FirstprojectRK", "FirstprojectRK\FirstprojectRK.vcxproj", "{79A594C4-55F3-4B25-B26C-2FD4F1C77FDC}"
EndProject
Project("{8BC9CEB8-8B4A-11D0-8D11-00A0C91BC942}") = "TasksWithVariables", "TasksWithVariables\TasksWithVariables.vcxproj", "{9128A085-A0FD-45ED-8B1D-5313F170C20E}"
EndProject
Project("{2150E333-8FDC-42A3-9474-1A3956D46DE8}") = "01. podstawy programowania", "01. podstawy programowania", "{4D5367C9-5F9C-4176-A942-5DE72B59635A}"
EndProject
Project("{2150E333-8FDC-42A3-9474-1A3956D46DE8}") = "02. Instrukcje warunkowe", "02. Instrukcje warunkowe", "{C7E9D441-A4FE-49CD-9EB7-E90D16B454B6}"
EndProject
Project("{8BC9CEB8-8B4A-11D0-8D11-00A0C91BC942}") = "DecisionInstruction", "DecisionInstruction\DecisionInstruction.vcxproj", "{D49F2CBE-1723-422A-BCED-07EE52BEFC13}"
EndProject
Project("{8BC9CEB8-8B4A-11D0-8D11-00A0C91BC942}") = "LoopInstructions", "LoopInstructions\LoopInstructions.vcxproj", "{A207638D-178C-4E88-A815-51C30D94CF3F}"
EndProject
Project("{2150E333-8FDC-42A3-9474-1A3956D46DE8}") = "03.Zadania", "03.Zadania", "{58FE4505-734C-4581-B146-2F0816A3EEA5}"
EndProject
Project("{8BC9CEB8-8B4A-11D0-8D11-00A0C91BC942}") = "Lot0fTask", "Lot0fTask\Lot0fTask.vcxproj", "{D2BBF5E9-C3A7-45E1-9539-1176D964CF98}"
EndProject
Project("{2150E333-8FDC-42A3-9474-1A3956D46DE8}") = "04.Funkcje", "04.Funkcje", "{9071EB8B-CCD1-44B6-9330-979C58753048}"
EndProject
Project("{8BC9CEB8-8B4A-11D0-8D11-00A0C91BC942}") = "FunctionApp", "FunctionApp\FunctionApp.vcxproj", "{C5F13405-F0C2-4E26-A493-0827496EFBC8}"
EndProject
Project("{8BC9CEB8-8B4A-11D0-8D11-00A0C91BC942}") = "PeselConcoleApplication", "PeselConcoleApplication\PeselConcoleApplication.vcxproj", "{6938ACA4-005C-4C9D-92DB-95ADA92D6E56}"
EndProject
Project("{2150E333-8FDC-42A3-9474-1A3956D46DE8}") = "05.Table", "05.Table", "{A766E460-79C6-4DE9-989D-044D11BC09C4}"
EndProject
Project("{8BC9CEB8-8B4A-11D0-8D11-00A0C91BC942}") = "tableConsoleApp", "tableConsoleApp\tableConsoleApp.vcxproj", "{35A4409D-7607-44B3-A710-E2413A0B05A4}"
EndProject
Project("{2150E333-8FDC-42A3-9474-1A3956D46DE8}") = "swoje prórby", "swoje prórby", "{ED525D0C-0AA2-4599-9B3F-84CF85DFB47A}"
EndProject
Project("{8BC9CEB8-8B4A-11D0-8D11-00A0C91BC942}") = "swojecos", "swojecos\swojecos.vcxproj", "{71E950FA-32C7-44BF-B856-6C3867A0B298}"
EndProject
Project("{2150E333-8FDC-42A3-9474-1A3956D46DE8}") = "06.Struktury", "06.Struktury", "{2C75260C-F08F-4FCC-BD4C-9EFA7A227CB6}"
EndProject
Project("{8BC9CEB8-8B4A-11D0-8D11-00A0C91BC942}") = "StructConsoleApplication", "StructConsoleApplication\StructConsoleApplication.vcxproj", "{DA7DAFCA-DC5A-408E-A925-E2F369BD15CB}"
EndProject
Project("{2150E333-8FDC-42A3-9474-1A3956D46DE8}") = "07.Wskaźniki", "07.Wskaźniki", "{94A4B7A2-E883-4A95-839B-85B1307565FD}"
EndProject
Project("{8BC9CEB8-8B4A-11D0-8D11-00A0C91BC942}") = "pointersConsoleAplication", "pointer\pointer.vcxproj", "{A532D736-D646-4093-B382-C88593A66797}"
EndProject
Project("{2150E333-8FDC-42A3-9474-1A3956D46DE8}") = "09.Biblioteka", "09.Biblioteka", "{89EA8B81-031D-478D-83DF-B83BC138BB32}"
EndProject
Project("{8BC9CEB8-8B4A-11D0-8D11-00A0C91BC942}") = "LibraryConsolAplication", "LibraryConsolAplication\LibraryConsolAplication.vcxproj", "{9AEB84E9-6CF8-443A-A695-B31E3BF843BC}"
EndProject
Project("{2150E333-8FDC-42A3-9474-1A3956D46DE8}") = "08.TicTacToc", "08.TicTacToc", "{2665825F-4647-458A-9E1B-6E9533CF1F51}"
EndProject
Project("{8BC9CEB8-8B4A-11D0-8D11-00A0C91BC942}") = "kulkoIkrzyzyk", "kulkoIkrzyzyk\kulkoIkrzyzyk.vcxproj", "{A9C50663-5B03-4D33-9D3E-624DFBAE27D9}"
EndProject
Project("{2150E333-8FDC-42A3-9474-1A3956D46DE8}") = "Programowanie Strukturalne", "Programowanie Strukturalne", "{FF6CB589-618C-42F7-86F7-F3B7B34DBA89}"
EndProject
Project("{2150E333-8FDC-42A3-9474-1A3956D46DE8}") = "Programowanie Objektowe", "Programowanie Objektowe", "{C4055C1A-8CA6-446D-849C-A478F14BEDFB}"
EndProject
Project("{2150E333-8FDC-42A3-9474-1A3956D46DE8}") = "01.Podstawy objektów", "01.Podstawy objektów", "{6B0A4D91-9556-44A0-8B55-F6401175CA5F}"
EndProject
Project("{8BC9CEB8-8B4A-11D0-8D11-00A0C91BC942}") = "FirstObjectConsoleApplication", "FirstObjectConsoleApplication\FirstObjectConsoleApplication.vcxproj", "{B266B294-0412-4A24-9566-6642A962B42B}"
EndProject
Project("{8BC9CEB8-8B4A-11D0-8D11-00A0C91BC942}") = "FirstObjectTaskConsoleApplication", "FirstObjectTaskConsoleApplication\FirstObjectTaskConsoleApplication.vcxproj", "{226D696A-160F-44B7-AD89-AE5A3C9E143F}"
EndProject
Project("{2150E333-8FDC-42A3-9474-1A3956D46DE8}") = "02.Dzidziczenie", "02.Dzidziczenie", "{4B236005-F7F1-4087-8463-39DD8ACD10D9}"
EndProject
Project("{8BC9CEB8-8B4A-11D0-8D11-00A0C91BC942}") = "Inheritance", "Inheritance\Inheritance.vcxproj", "{E4EA8849-9B7A-4ED8-B23A-C4FC7634632A}"
EndProject
Project("{8BC9CEB8-8B4A-11D0-8D11-00A0C91BC942}") = "GeometryConsoleApplication", "GeometryConsoleApplication\GeometryConsoleApplication.vcxproj", "{1109ACFB-24F4-4E4E-BAE9-C970D5CFF7AE}"
EndProject
Project("{2150E333-8FDC-42A3-9474-1A3956D46DE8}") = "03.Tasks", "03.Tasks", "{C8102FED-BF89-4C9F-B8E5-56F2BEBA5FF8}"
EndProject
Project("{8BC9CEB8-8B4A-11D0-8D11-00A0C91BC942}") = "ObjectTasksConsoleApplication", "ObjectTasksConsoleApplication\ObjectTasksConsoleApplication.vcxproj", "{5C78B012-8C1B-4BE4-822A-27B70113E0DC}"
EndProject
Project("{2150E333-8FDC-42A3-9474-1A3956D46DE8}") = "Aplikacje", "Aplikacje", "{0361CDC9-D3A6-4A94-894B-3F47E41D200F}"
EndProject
Project("{9A19103F-16F7-4668-BE54-9A1E7A4F7556}") = "FirstConsoleAppSharp", "FirstConsoleAppSharp\FirstConsoleAppSharp.csproj", "{094CF576-942E-4297-83ED-E9D9297909D4}"
EndProject
Project("{9A19103F-16F7-4668-BE54-9A1E7A4F7556}") = "StructConsoleApp", "StructConsoleApp\StructConsoleApp.csproj", "{5B754733-44E8-445B-86A1-2E5CEFE9DDF7}"
EndProject
Project("{9A19103F-16F7-4668-BE54-9A1E7A4F7556}") = "FirstObjectConsoleApp", "FirstObjectConsoleApp\FirstObjectConsoleApp.csproj", "{8904D8B9-A311-4810-A7C3-D86D84DE9A51}"
EndProject
Project("{2150E333-8FDC-42A3-9474-1A3956D46DE8}") = "01.Podstawy", "01.Podstawy", "{70DDFD3E-4985-4E56-A24B-3FC5C90001D4}"
EndProject
Project("{9A19103F-16F7-4668-BE54-9A1E7A4F7556}") = "ReadAndWriteToFileConsoleApp", "ReadAndWriteToFileConsoleApp\ReadAndWriteToFileConsoleApp.csproj", "{3F0A4D7E-364D-4253-A9D7-49709E796842}"
EndProject
Project("{2150E333-8FDC-42A3-9474-1A3956D46DE8}") = "02. Kolekcje", "02. Kolekcje", "{EB2C3FB9-1A37-46E4-8D55-B4DD98BD7715}"
EndProject
Project("{9A19103F-16F7-4668-BE54-9A1E7A4F7556}") = "CollectionConsoleApp", "CollectionConsoleApp\CollectionConsoleApp.csproj", "{0302B044-7BBD-4A4F-9593-224F9F262C89}"
EndProject
Project("{9A19103F-16F7-4668-BE54-9A1E7A4F7556}") = "LinqConsoleApp", "LinqConsoleApp\LinqConsoleApp.csproj", "{97B6B723-9DF0-4192-A20F-64856750131C}"
EndProject
Project("{9A19103F-16F7-4668-BE54-9A1E7A4F7556}") = "LinqTasksConsoleApp", "LinqTasksConsoleApp\LinqTasksConsoleApp.csproj", "{8BD7F693-C4E7-46C2-911B-3769647CE25D}"
EndProject
Project("{2150E333-8FDC-42A3-9474-1A3956D46DE8}") = "Egzaminacyjne", "Egzaminacyjne", "{07B492BF-A372-40D5-9FC1-AEF423EAA990}"
EndProject
Project("{9A19103F-16F7-4668-BE54-9A1E7A4F7556}") = "EgzaminacyjneZGraWKostki", "EgzaminacyjneZGraWKostki\EgzaminacyjneZGraWKostki.csproj", "{EC8A1D05-F49E-4D21-9F34-709534BDD75B}"
EndProject
Project("{9A19103F-16F7-4668-BE54-9A1E7A4F7556}") = "Matura2022MajConsoleApp", "Matura2022MajConsoleApp\Matura2022MajConsoleApp.csproj", "{4435D178-D0F2-48BA-B209-B2092AA0CF2A}"
EndProject
Project("{9A19103F-16F7-4668-BE54-9A1E7A4F7556}") = "Matura 2024 maj", "Matura 2024 maj\Matura 2024 maj.csproj", "{D36EBAC9-546C-4DE9-A8D4-1426400E38F7}"
EndProject
Project("{9A19103F-16F7-4668-BE54-9A1E7A4F7556}") = "matura2022Czerwiec", "matura2022Czerwiec\matura2022Czerwiec.csproj", "{B5B9B7D3-4AF5-4250-B5D2-4709FB4DDD8C}"
EndProject
Project("{FAE04EC0-301F-11D3-BF4B-00C04F79EFBC}") = "ErrorHandlingConsoleApp", "ErrorHandlingConsoleApp\ErrorHandlingConsoleApp.csproj", "{B75C65A6-A570-4CA6-982D-6EC39122C20B}"
EndProject
Global
	GlobalSection(SolutionConfigurationPlatforms) = preSolution
		Debug|Any CPU = Debug|Any CPU
		Debug|x64 = Debug|x64
		Debug|x86 = Debug|x86
		Release|Any CPU = Release|Any CPU
		Release|x64 = Release|x64
		Release|x86 = Release|x86
	EndGlobalSection
	GlobalSection(ProjectConfigurationPlatforms) = postSolution
		{79A594C4-55F3-4B25-B26C-2FD4F1C77FDC}.Debug|Any CPU.ActiveCfg = Debug|x64
		{79A594C4-55F3-4B25-B26C-2FD4F1C77FDC}.Debug|Any CPU.Build.0 = Debug|x64
		{79A594C4-55F3-4B25-B26C-2FD4F1C77FDC}.Debug|x64.ActiveCfg = Debug|x64
		{79A594C4-55F3-4B25-B26C-2FD4F1C77FDC}.Debug|x64.Build.0 = Debug|x64
		{79A594C4-55F3-4B25-B26C-2FD4F1C77FDC}.Debug|x86.ActiveCfg = Debug|Win32
		{79A594C4-55F3-4B25-B26C-2FD4F1C77FDC}.Debug|x86.Build.0 = Debug|Win32
		{79A594C4-55F3-4B25-B26C-2FD4F1C77FDC}.Release|Any CPU.ActiveCfg = Release|x64
		{79A594C4-55F3-4B25-B26C-2FD4F1C77FDC}.Release|Any CPU.Build.0 = Release|x64
		{79A594C4-55F3-4B25-B26C-2FD4F1C77FDC}.Release|x64.ActiveCfg = Release|x64
		{79A594C4-55F3-4B25-B26C-2FD4F1C77FDC}.Release|x64.Build.0 = Release|x64
		{79A594C4-55F3-4B25-B26C-2FD4F1C77FDC}.Release|x86.ActiveCfg = Release|Win32
		{79A594C4-55F3-4B25-B26C-2FD4F1C77FDC}.Release|x86.Build.0 = Release|Win32
		{9128A085-A0FD-45ED-8B1D-5313F170C20E}.Debug|Any CPU.ActiveCfg = Debug|x64
		{9128A085-A0FD-45ED-8B1D-5313F170C20E}.Debug|Any CPU.Build.0 = Debug|x64
		{9128A085-A0FD-45ED-8B1D-5313F170C20E}.Debug|x64.ActiveCfg = Debug|x64
		{9128A085-A0FD-45ED-8B1D-5313F170C20E}.Debug|x64.Build.0 = Debug|x64
		{9128A085-A0FD-45ED-8B1D-5313F170C20E}.Debug|x86.ActiveCfg = Debug|Win32
		{9128A085-A0FD-45ED-8B1D-5313F170C20E}.Debug|x86.Build.0 = Debug|Win32
		{9128A085-A0FD-45ED-8B1D-5313F170C20E}.Release|Any CPU.ActiveCfg = Release|x64
		{9128A085-A0FD-45ED-8B1D-5313F170C20E}.Release|Any CPU.Build.0 = Release|x64
		{9128A085-A0FD-45ED-8B1D-5313F170C20E}.Release|x64.ActiveCfg = Release|x64
		{9128A085-A0FD-45ED-8B1D-5313F170C20E}.Release|x64.Build.0 = Release|x64
		{9128A085-A0FD-45ED-8B1D-5313F170C20E}.Release|x86.ActiveCfg = Release|Win32
		{9128A085-A0FD-45ED-8B1D-5313F170C20E}.Release|x86.Build.0 = Release|Win32
		{D49F2CBE-1723-422A-BCED-07EE52BEFC13}.Debug|Any CPU.ActiveCfg = Debug|x64
		{D49F2CBE-1723-422A-BCED-07EE52BEFC13}.Debug|Any CPU.Build.0 = Debug|x64
		{D49F2CBE-1723-422A-BCED-07EE52BEFC13}.Debug|x64.ActiveCfg = Debug|x64
		{D49F2CBE-1723-422A-BCED-07EE52BEFC13}.Debug|x64.Build.0 = Debug|x64
		{D49F2CBE-1723-422A-BCED-07EE52BEFC13}.Debug|x86.ActiveCfg = Debug|Win32
		{D49F2CBE-1723-422A-BCED-07EE52BEFC13}.Debug|x86.Build.0 = Debug|Win32
		{D49F2CBE-1723-422A-BCED-07EE52BEFC13}.Release|Any CPU.ActiveCfg = Release|x64
		{D49F2CBE-1723-422A-BCED-07EE52BEFC13}.Release|Any CPU.Build.0 = Release|x64
		{D49F2CBE-1723-422A-BCED-07EE52BEFC13}.Release|x64.ActiveCfg = Release|x64
		{D49F2CBE-1723-422A-BCED-07EE52BEFC13}.Release|x64.Build.0 = Release|x64
		{D49F2CBE-1723-422A-BCED-07EE52BEFC13}.Release|x86.ActiveCfg = Release|Win32
		{D49F2CBE-1723-422A-BCED-07EE52BEFC13}.Release|x86.Build.0 = Release|Win32
		{A207638D-178C-4E88-A815-51C30D94CF3F}.Debug|Any CPU.ActiveCfg = Debug|x64
		{A207638D-178C-4E88-A815-51C30D94CF3F}.Debug|Any CPU.Build.0 = Debug|x64
		{A207638D-178C-4E88-A815-51C30D94CF3F}.Debug|x64.ActiveCfg = Debug|x64
		{A207638D-178C-4E88-A815-51C30D94CF3F}.Debug|x64.Build.0 = Debug|x64
		{A207638D-178C-4E88-A815-51C30D94CF3F}.Debug|x86.ActiveCfg = Debug|Win32
		{A207638D-178C-4E88-A815-51C30D94CF3F}.Debug|x86.Build.0 = Debug|Win32
		{A207638D-178C-4E88-A815-51C30D94CF3F}.Release|Any CPU.ActiveCfg = Release|x64
		{A207638D-178C-4E88-A815-51C30D94CF3F}.Release|Any CPU.Build.0 = Release|x64
		{A207638D-178C-4E88-A815-51C30D94CF3F}.Release|x64.ActiveCfg = Release|x64
		{A207638D-178C-4E88-A815-51C30D94CF3F}.Release|x64.Build.0 = Release|x64
		{A207638D-178C-4E88-A815-51C30D94CF3F}.Release|x86.ActiveCfg = Release|Win32
		{A207638D-178C-4E88-A815-51C30D94CF3F}.Release|x86.Build.0 = Release|Win32
		{D2BBF5E9-C3A7-45E1-9539-1176D964CF98}.Debug|Any CPU.ActiveCfg = Debug|x64
		{D2BBF5E9-C3A7-45E1-9539-1176D964CF98}.Debug|Any CPU.Build.0 = Debug|x64
		{D2BBF5E9-C3A7-45E1-9539-1176D964CF98}.Debug|x64.ActiveCfg = Debug|x64
		{D2BBF5E9-C3A7-45E1-9539-1176D964CF98}.Debug|x64.Build.0 = Debug|x64
		{D2BBF5E9-C3A7-45E1-9539-1176D964CF98}.Debug|x86.ActiveCfg = Debug|Win32
		{D2BBF5E9-C3A7-45E1-9539-1176D964CF98}.Debug|x86.Build.0 = Debug|Win32
		{D2BBF5E9-C3A7-45E1-9539-1176D964CF98}.Release|Any CPU.ActiveCfg = Release|x64
		{D2BBF5E9-C3A7-45E1-9539-1176D964CF98}.Release|Any CPU.Build.0 = Release|x64
		{D2BBF5E9-C3A7-45E1-9539-1176D964CF98}.Release|x64.ActiveCfg = Release|x64
		{D2BBF5E9-C3A7-45E1-9539-1176D964CF98}.Release|x64.Build.0 = Release|x64
		{D2BBF5E9-C3A7-45E1-9539-1176D964CF98}.Release|x86.ActiveCfg = Release|Win32
		{D2BBF5E9-C3A7-45E1-9539-1176D964CF98}.Release|x86.Build.0 = Release|Win32
		{C5F13405-F0C2-4E26-A493-0827496EFBC8}.Debug|Any CPU.ActiveCfg = Debug|x64
		{C5F13405-F0C2-4E26-A493-0827496EFBC8}.Debug|Any CPU.Build.0 = Debug|x64
		{C5F13405-F0C2-4E26-A493-0827496EFBC8}.Debug|x64.ActiveCfg = Debug|x64
		{C5F13405-F0C2-4E26-A493-0827496EFBC8}.Debug|x64.Build.0 = Debug|x64
		{C5F13405-F0C2-4E26-A493-0827496EFBC8}.Debug|x86.ActiveCfg = Debug|Win32
		{C5F13405-F0C2-4E26-A493-0827496EFBC8}.Debug|x86.Build.0 = Debug|Win32
		{C5F13405-F0C2-4E26-A493-0827496EFBC8}.Release|Any CPU.ActiveCfg = Release|x64
		{C5F13405-F0C2-4E26-A493-0827496EFBC8}.Release|Any CPU.Build.0 = Release|x64
		{C5F13405-F0C2-4E26-A493-0827496EFBC8}.Release|x64.ActiveCfg = Release|x64
		{C5F13405-F0C2-4E26-A493-0827496EFBC8}.Release|x64.Build.0 = Release|x64
		{C5F13405-F0C2-4E26-A493-0827496EFBC8}.Release|x86.ActiveCfg = Release|Win32
		{C5F13405-F0C2-4E26-A493-0827496EFBC8}.Release|x86.Build.0 = Release|Win32
		{6938ACA4-005C-4C9D-92DB-95ADA92D6E56}.Debug|Any CPU.ActiveCfg = Debug|x64
		{6938ACA4-005C-4C9D-92DB-95ADA92D6E56}.Debug|Any CPU.Build.0 = Debug|x64
		{6938ACA4-005C-4C9D-92DB-95ADA92D6E56}.Debug|x64.ActiveCfg = Debug|x64
		{6938ACA4-005C-4C9D-92DB-95ADA92D6E56}.Debug|x64.Build.0 = Debug|x64
		{6938ACA4-005C-4C9D-92DB-95ADA92D6E56}.Debug|x86.ActiveCfg = Debug|Win32
		{6938ACA4-005C-4C9D-92DB-95ADA92D6E56}.Debug|x86.Build.0 = Debug|Win32
		{6938ACA4-005C-4C9D-92DB-95ADA92D6E56}.Release|Any CPU.ActiveCfg = Release|x64
		{6938ACA4-005C-4C9D-92DB-95ADA92D6E56}.Release|Any CPU.Build.0 = Release|x64
		{6938ACA4-005C-4C9D-92DB-95ADA92D6E56}.Release|x64.ActiveCfg = Release|x64
		{6938ACA4-005C-4C9D-92DB-95ADA92D6E56}.Release|x64.Build.0 = Release|x64
		{6938ACA4-005C-4C9D-92DB-95ADA92D6E56}.Release|x86.ActiveCfg = Release|Win32
		{6938ACA4-005C-4C9D-92DB-95ADA92D6E56}.Release|x86.Build.0 = Release|Win32
		{35A4409D-7607-44B3-A710-E2413A0B05A4}.Debug|Any CPU.ActiveCfg = Debug|x64
		{35A4409D-7607-44B3-A710-E2413A0B05A4}.Debug|Any CPU.Build.0 = Debug|x64
		{35A4409D-7607-44B3-A710-E2413A0B05A4}.Debug|x64.ActiveCfg = Debug|x64
		{35A4409D-7607-44B3-A710-E2413A0B05A4}.Debug|x64.Build.0 = Debug|x64
		{35A4409D-7607-44B3-A710-E2413A0B05A4}.Debug|x86.ActiveCfg = Debug|Win32
		{35A4409D-7607-44B3-A710-E2413A0B05A4}.Debug|x86.Build.0 = Debug|Win32
		{35A4409D-7607-44B3-A710-E2413A0B05A4}.Release|Any CPU.ActiveCfg = Release|x64
		{35A4409D-7607-44B3-A710-E2413A0B05A4}.Release|Any CPU.Build.0 = Release|x64
		{35A4409D-7607-44B3-A710-E2413A0B05A4}.Release|x64.ActiveCfg = Release|x64
		{35A4409D-7607-44B3-A710-E2413A0B05A4}.Release|x64.Build.0 = Release|x64
		{35A4409D-7607-44B3-A710-E2413A0B05A4}.Release|x86.ActiveCfg = Release|Win32
		{35A4409D-7607-44B3-A710-E2413A0B05A4}.Release|x86.Build.0 = Release|Win32
		{71E950FA-32C7-44BF-B856-6C3867A0B298}.Debug|Any CPU.ActiveCfg = Debug|x64
		{71E950FA-32C7-44BF-B856-6C3867A0B298}.Debug|Any CPU.Build.0 = Debug|x64
		{71E950FA-32C7-44BF-B856-6C3867A0B298}.Debug|x64.ActiveCfg = Debug|x64
		{71E950FA-32C7-44BF-B856-6C3867A0B298}.Debug|x64.Build.0 = Debug|x64
		{71E950FA-32C7-44BF-B856-6C3867A0B298}.Debug|x86.ActiveCfg = Debug|Win32
		{71E950FA-32C7-44BF-B856-6C3867A0B298}.Debug|x86.Build.0 = Debug|Win32
		{71E950FA-32C7-44BF-B856-6C3867A0B298}.Release|Any CPU.ActiveCfg = Release|x64
		{71E950FA-32C7-44BF-B856-6C3867A0B298}.Release|Any CPU.Build.0 = Release|x64
		{71E950FA-32C7-44BF-B856-6C3867A0B298}.Release|x64.ActiveCfg = Release|x64
		{71E950FA-32C7-44BF-B856-6C3867A0B298}.Release|x64.Build.0 = Release|x64
		{71E950FA-32C7-44BF-B856-6C3867A0B298}.Release|x86.ActiveCfg = Release|Win32
		{71E950FA-32C7-44BF-B856-6C3867A0B298}.Release|x86.Build.0 = Release|Win32
		{DA7DAFCA-DC5A-408E-A925-E2F369BD15CB}.Debug|Any CPU.ActiveCfg = Debug|x64
		{DA7DAFCA-DC5A-408E-A925-E2F369BD15CB}.Debug|Any CPU.Build.0 = Debug|x64
		{DA7DAFCA-DC5A-408E-A925-E2F369BD15CB}.Debug|x64.ActiveCfg = Debug|x64
		{DA7DAFCA-DC5A-408E-A925-E2F369BD15CB}.Debug|x64.Build.0 = Debug|x64
		{DA7DAFCA-DC5A-408E-A925-E2F369BD15CB}.Debug|x86.ActiveCfg = Debug|Win32
		{DA7DAFCA-DC5A-408E-A925-E2F369BD15CB}.Debug|x86.Build.0 = Debug|Win32
		{DA7DAFCA-DC5A-408E-A925-E2F369BD15CB}.Release|Any CPU.ActiveCfg = Release|x64
		{DA7DAFCA-DC5A-408E-A925-E2F369BD15CB}.Release|Any CPU.Build.0 = Release|x64
		{DA7DAFCA-DC5A-408E-A925-E2F369BD15CB}.Release|x64.ActiveCfg = Release|x64
		{DA7DAFCA-DC5A-408E-A925-E2F369BD15CB}.Release|x64.Build.0 = Release|x64
		{DA7DAFCA-DC5A-408E-A925-E2F369BD15CB}.Release|x86.ActiveCfg = Release|Win32
		{DA7DAFCA-DC5A-408E-A925-E2F369BD15CB}.Release|x86.Build.0 = Release|Win32
		{A532D736-D646-4093-B382-C88593A66797}.Debug|Any CPU.ActiveCfg = Debug|x64
		{A532D736-D646-4093-B382-C88593A66797}.Debug|Any CPU.Build.0 = Debug|x64
		{A532D736-D646-4093-B382-C88593A66797}.Debug|x64.ActiveCfg = Debug|x64
		{A532D736-D646-4093-B382-C88593A66797}.Debug|x64.Build.0 = Debug|x64
		{A532D736-D646-4093-B382-C88593A66797}.Debug|x86.ActiveCfg = Debug|Win32
		{A532D736-D646-4093-B382-C88593A66797}.Debug|x86.Build.0 = Debug|Win32
		{A532D736-D646-4093-B382-C88593A66797}.Release|Any CPU.ActiveCfg = Release|x64
		{A532D736-D646-4093-B382-C88593A66797}.Release|Any CPU.Build.0 = Release|x64
		{A532D736-D646-4093-B382-C88593A66797}.Release|x64.ActiveCfg = Release|x64
		{A532D736-D646-4093-B382-C88593A66797}.Release|x64.Build.0 = Release|x64
		{A532D736-D646-4093-B382-C88593A66797}.Release|x86.ActiveCfg = Release|Win32
		{A532D736-D646-4093-B382-C88593A66797}.Release|x86.Build.0 = Release|Win32
		{9AEB84E9-6CF8-443A-A695-B31E3BF843BC}.Debug|Any CPU.ActiveCfg = Debug|x64
		{9AEB84E9-6CF8-443A-A695-B31E3BF843BC}.Debug|Any CPU.Build.0 = Debug|x64
		{9AEB84E9-6CF8-443A-A695-B31E3BF843BC}.Debug|x64.ActiveCfg = Debug|x64
		{9AEB84E9-6CF8-443A-A695-B31E3BF843BC}.Debug|x64.Build.0 = Debug|x64
		{9AEB84E9-6CF8-443A-A695-B31E3BF843BC}.Debug|x86.ActiveCfg = Debug|Win32
		{9AEB84E9-6CF8-443A-A695-B31E3BF843BC}.Debug|x86.Build.0 = Debug|Win32
		{9AEB84E9-6CF8-443A-A695-B31E3BF843BC}.Release|Any CPU.ActiveCfg = Release|x64
		{9AEB84E9-6CF8-443A-A695-B31E3BF843BC}.Release|Any CPU.Build.0 = Release|x64
		{9AEB84E9-6CF8-443A-A695-B31E3BF843BC}.Release|x64.ActiveCfg = Release|x64
		{9AEB84E9-6CF8-443A-A695-B31E3BF843BC}.Release|x64.Build.0 = Release|x64
		{9AEB84E9-6CF8-443A-A695-B31E3BF843BC}.Release|x86.ActiveCfg = Release|Win32
		{9AEB84E9-6CF8-443A-A695-B31E3BF843BC}.Release|x86.Build.0 = Release|Win32
		{A9C50663-5B03-4D33-9D3E-624DFBAE27D9}.Debug|Any CPU.ActiveCfg = Debug|x64
		{A9C50663-5B03-4D33-9D3E-624DFBAE27D9}.Debug|Any CPU.Build.0 = Debug|x64
		{A9C50663-5B03-4D33-9D3E-624DFBAE27D9}.Debug|x64.ActiveCfg = Debug|x64
		{A9C50663-5B03-4D33-9D3E-624DFBAE27D9}.Debug|x64.Build.0 = Debug|x64
		{A9C50663-5B03-4D33-9D3E-624DFBAE27D9}.Debug|x86.ActiveCfg = Debug|Win32
		{A9C50663-5B03-4D33-9D3E-624DFBAE27D9}.Debug|x86.Build.0 = Debug|Win32
		{A9C50663-5B03-4D33-9D3E-624DFBAE27D9}.Release|Any CPU.ActiveCfg = Release|x64
		{A9C50663-5B03-4D33-9D3E-624DFBAE27D9}.Release|Any CPU.Build.0 = Release|x64
		{A9C50663-5B03-4D33-9D3E-624DFBAE27D9}.Release|x64.ActiveCfg = Release|x64
		{A9C50663-5B03-4D33-9D3E-624DFBAE27D9}.Release|x64.Build.0 = Release|x64
		{A9C50663-5B03-4D33-9D3E-624DFBAE27D9}.Release|x86.ActiveCfg = Release|Win32
		{A9C50663-5B03-4D33-9D3E-624DFBAE27D9}.Release|x86.Build.0 = Release|Win32
		{B266B294-0412-4A24-9566-6642A962B42B}.Debug|Any CPU.ActiveCfg = Debug|x64
		{B266B294-0412-4A24-9566-6642A962B42B}.Debug|Any CPU.Build.0 = Debug|x64
		{B266B294-0412-4A24-9566-6642A962B42B}.Debug|x64.ActiveCfg = Debug|x64
		{B266B294-0412-4A24-9566-6642A962B42B}.Debug|x64.Build.0 = Debug|x64
		{B266B294-0412-4A24-9566-6642A962B42B}.Debug|x86.ActiveCfg = Debug|Win32
		{B266B294-0412-4A24-9566-6642A962B42B}.Debug|x86.Build.0 = Debug|Win32
		{B266B294-0412-4A24-9566-6642A962B42B}.Release|Any CPU.ActiveCfg = Release|x64
		{B266B294-0412-4A24-9566-6642A962B42B}.Release|Any CPU.Build.0 = Release|x64
		{B266B294-0412-4A24-9566-6642A962B42B}.Release|x64.ActiveCfg = Release|x64
		{B266B294-0412-4A24-9566-6642A962B42B}.Release|x64.Build.0 = Release|x64
		{B266B294-0412-4A24-9566-6642A962B42B}.Release|x86.ActiveCfg = Release|Win32
		{B266B294-0412-4A24-9566-6642A962B42B}.Release|x86.Build.0 = Release|Win32
		{226D696A-160F-44B7-AD89-AE5A3C9E143F}.Debug|Any CPU.ActiveCfg = Debug|x64
		{226D696A-160F-44B7-AD89-AE5A3C9E143F}.Debug|Any CPU.Build.0 = Debug|x64
		{226D696A-160F-44B7-AD89-AE5A3C9E143F}.Debug|x64.ActiveCfg = Debug|x64
		{226D696A-160F-44B7-AD89-AE5A3C9E143F}.Debug|x64.Build.0 = Debug|x64
		{226D696A-160F-44B7-AD89-AE5A3C9E143F}.Debug|x86.ActiveCfg = Debug|Win32
		{226D696A-160F-44B7-AD89-AE5A3C9E143F}.Debug|x86.Build.0 = Debug|Win32
		{226D696A-160F-44B7-AD89-AE5A3C9E143F}.Release|Any CPU.ActiveCfg = Release|x64
		{226D696A-160F-44B7-AD89-AE5A3C9E143F}.Release|Any CPU.Build.0 = Release|x64
		{226D696A-160F-44B7-AD89-AE5A3C9E143F}.Release|x64.ActiveCfg = Release|x64
		{226D696A-160F-44B7-AD89-AE5A3C9E143F}.Release|x64.Build.0 = Release|x64
		{226D696A-160F-44B7-AD89-AE5A3C9E143F}.Release|x86.ActiveCfg = Release|Win32
		{226D696A-160F-44B7-AD89-AE5A3C9E143F}.Release|x86.Build.0 = Release|Win32
		{E4EA8849-9B7A-4ED8-B23A-C4FC7634632A}.Debug|Any CPU.ActiveCfg = Debug|x64
		{E4EA8849-9B7A-4ED8-B23A-C4FC7634632A}.Debug|Any CPU.Build.0 = Debug|x64
		{E4EA8849-9B7A-4ED8-B23A-C4FC7634632A}.Debug|x64.ActiveCfg = Debug|x64
		{E4EA8849-9B7A-4ED8-B23A-C4FC7634632A}.Debug|x64.Build.0 = Debug|x64
		{E4EA8849-9B7A-4ED8-B23A-C4FC7634632A}.Debug|x86.ActiveCfg = Debug|Win32
		{E4EA8849-9B7A-4ED8-B23A-C4FC7634632A}.Debug|x86.Build.0 = Debug|Win32
		{E4EA8849-9B7A-4ED8-B23A-C4FC7634632A}.Release|Any CPU.ActiveCfg = Release|x64
		{E4EA8849-9B7A-4ED8-B23A-C4FC7634632A}.Release|Any CPU.Build.0 = Release|x64
		{E4EA8849-9B7A-4ED8-B23A-C4FC7634632A}.Release|x64.ActiveCfg = Release|x64
		{E4EA8849-9B7A-4ED8-B23A-C4FC7634632A}.Release|x64.Build.0 = Release|x64
		{E4EA8849-9B7A-4ED8-B23A-C4FC7634632A}.Release|x86.ActiveCfg = Release|Win32
		{E4EA8849-9B7A-4ED8-B23A-C4FC7634632A}.Release|x86.Build.0 = Release|Win32
		{1109ACFB-24F4-4E4E-BAE9-C970D5CFF7AE}.Debug|Any CPU.ActiveCfg = Debug|x64
		{1109ACFB-24F4-4E4E-BAE9-C970D5CFF7AE}.Debug|Any CPU.Build.0 = Debug|x64
		{1109ACFB-24F4-4E4E-BAE9-C970D5CFF7AE}.Debug|x64.ActiveCfg = Debug|x64
		{1109ACFB-24F4-4E4E-BAE9-C970D5CFF7AE}.Debug|x64.Build.0 = Debug|x64
		{1109ACFB-24F4-4E4E-BAE9-C970D5CFF7AE}.Debug|x86.ActiveCfg = Debug|Win32
		{1109ACFB-24F4-4E4E-BAE9-C970D5CFF7AE}.Debug|x86.Build.0 = Debug|Win32
		{1109ACFB-24F4-4E4E-BAE9-C970D5CFF7AE}.Release|Any CPU.ActiveCfg = Release|x64
		{1109ACFB-24F4-4E4E-BAE9-C970D5CFF7AE}.Release|Any CPU.Build.0 = Release|x64
		{1109ACFB-24F4-4E4E-BAE9-C970D5CFF7AE}.Release|x64.ActiveCfg = Release|x64
		{1109ACFB-24F4-4E4E-BAE9-C970D5CFF7AE}.Release|x64.Build.0 = Release|x64
		{1109ACFB-24F4-4E4E-BAE9-C970D5CFF7AE}.Release|x86.ActiveCfg = Release|Win32
		{1109ACFB-24F4-4E4E-BAE9-C970D5CFF7AE}.Release|x86.Build.0 = Release|Win32
		{5C78B012-8C1B-4BE4-822A-27B70113E0DC}.Debug|Any CPU.ActiveCfg = Debug|x64
		{5C78B012-8C1B-4BE4-822A-27B70113E0DC}.Debug|Any CPU.Build.0 = Debug|x64
		{5C78B012-8C1B-4BE4-822A-27B70113E0DC}.Debug|x64.ActiveCfg = Debug|x64
		{5C78B012-8C1B-4BE4-822A-27B70113E0DC}.Debug|x64.Build.0 = Debug|x64
		{5C78B012-8C1B-4BE4-822A-27B70113E0DC}.Debug|x86.ActiveCfg = Debug|Win32
		{5C78B012-8C1B-4BE4-822A-27B70113E0DC}.Debug|x86.Build.0 = Debug|Win32
		{5C78B012-8C1B-4BE4-822A-27B70113E0DC}.Release|Any CPU.ActiveCfg = Release|x64
		{5C78B012-8C1B-4BE4-822A-27B70113E0DC}.Release|Any CPU.Build.0 = Release|x64
		{5C78B012-8C1B-4BE4-822A-27B70113E0DC}.Release|x64.ActiveCfg = Release|x64
		{5C78B012-8C1B-4BE4-822A-27B70113E0DC}.Release|x64.Build.0 = Release|x64
		{5C78B012-8C1B-4BE4-822A-27B70113E0DC}.Release|x86.ActiveCfg = Release|Win32
		{5C78B012-8C1B-4BE4-822A-27B70113E0DC}.Release|x86.Build.0 = Release|Win32
		{094CF576-942E-4297-83ED-E9D9297909D4}.Debug|Any CPU.ActiveCfg = Debug|Any CPU
		{094CF576-942E-4297-83ED-E9D9297909D4}.Debug|Any CPU.Build.0 = Debug|Any CPU
		{094CF576-942E-4297-83ED-E9D9297909D4}.Debug|x64.ActiveCfg = Debug|Any CPU
		{094CF576-942E-4297-83ED-E9D9297909D4}.Debug|x64.Build.0 = Debug|Any CPU
		{094CF576-942E-4297-83ED-E9D9297909D4}.Debug|x86.ActiveCfg = Debug|Any CPU
		{094CF576-942E-4297-83ED-E9D9297909D4}.Debug|x86.Build.0 = Debug|Any CPU
		{094CF576-942E-4297-83ED-E9D9297909D4}.Release|Any CPU.ActiveCfg = Release|Any CPU
		{094CF576-942E-4297-83ED-E9D9297909D4}.Release|Any CPU.Build.0 = Release|Any CPU
		{094CF576-942E-4297-83ED-E9D9297909D4}.Release|x64.ActiveCfg = Release|Any CPU
		{094CF576-942E-4297-83ED-E9D9297909D4}.Release|x64.Build.0 = Release|Any CPU
		{094CF576-942E-4297-83ED-E9D9297909D4}.Release|x86.ActiveCfg = Release|Any CPU
		{094CF576-942E-4297-83ED-E9D9297909D4}.Release|x86.Build.0 = Release|Any CPU
		{5B754733-44E8-445B-86A1-2E5CEFE9DDF7}.Debug|Any CPU.ActiveCfg = Debug|Any CPU
		{5B754733-44E8-445B-86A1-2E5CEFE9DDF7}.Debug|Any CPU.Build.0 = Debug|Any CPU
		{5B754733-44E8-445B-86A1-2E5CEFE9DDF7}.Debug|x64.ActiveCfg = Debug|Any CPU
		{5B754733-44E8-445B-86A1-2E5CEFE9DDF7}.Debug|x64.Build.0 = Debug|Any CPU
		{5B754733-44E8-445B-86A1-2E5CEFE9DDF7}.Debug|x86.ActiveCfg = Debug|Any CPU
		{5B754733-44E8-445B-86A1-2E5CEFE9DDF7}.Debug|x86.Build.0 = Debug|Any CPU
		{5B754733-44E8-445B-86A1-2E5CEFE9DDF7}.Release|Any CPU.ActiveCfg = Release|Any CPU
		{5B754733-44E8-445B-86A1-2E5CEFE9DDF7}.Release|Any CPU.Build.0 = Release|Any CPU
		{5B754733-44E8-445B-86A1-2E5CEFE9DDF7}.Release|x64.ActiveCfg = Release|Any CPU
		{5B754733-44E8-445B-86A1-2E5CEFE9DDF7}.Release|x64.Build.0 = Release|Any CPU
		{5B754733-44E8-445B-86A1-2E5CEFE9DDF7}.Release|x86.ActiveCfg = Release|Any CPU
		{5B754733-44E8-445B-86A1-2E5CEFE9DDF7}.Release|x86.Build.0 = Release|Any CPU
		{8904D8B9-A311-4810-A7C3-D86D84DE9A51}.Debug|Any CPU.ActiveCfg = Debug|Any CPU
		{8904D8B9-A311-4810-A7C3-D86D84DE9A51}.Debug|Any CPU.Build.0 = Debug|Any CPU
		{8904D8B9-A311-4810-A7C3-D86D84DE9A51}.Debug|x64.ActiveCfg = Debug|Any CPU
		{8904D8B9-A311-4810-A7C3-D86D84DE9A51}.Debug|x64.Build.0 = Debug|Any CPU
		{8904D8B9-A311-4810-A7C3-D86D84DE9A51}.Debug|x86.ActiveCfg = Debug|Any CPU
		{8904D8B9-A311-4810-A7C3-D86D84DE9A51}.Debug|x86.Build.0 = Debug|Any CPU
		{8904D8B9-A311-4810-A7C3-D86D84DE9A51}.Release|Any CPU.ActiveCfg = Release|Any CPU
		{8904D8B9-A311-4810-A7C3-D86D84DE9A51}.Release|Any CPU.Build.0 = Release|Any CPU
		{8904D8B9-A311-4810-A7C3-D86D84DE9A51}.Release|x64.ActiveCfg = Release|Any CPU
		{8904D8B9-A311-4810-A7C3-D86D84DE9A51}.Release|x64.Build.0 = Release|Any CPU
		{8904D8B9-A311-4810-A7C3-D86D84DE9A51}.Release|x86.ActiveCfg = Release|Any CPU
		{8904D8B9-A311-4810-A7C3-D86D84DE9A51}.Release|x86.Build.0 = Release|Any CPU
		{3F0A4D7E-364D-4253-A9D7-49709E796842}.Debug|Any CPU.ActiveCfg = Debug|Any CPU
		{3F0A4D7E-364D-4253-A9D7-49709E796842}.Debug|Any CPU.Build.0 = Debug|Any CPU
		{3F0A4D7E-364D-4253-A9D7-49709E796842}.Debug|x64.ActiveCfg = Debug|Any CPU
		{3F0A4D7E-364D-4253-A9D7-49709E796842}.Debug|x64.Build.0 = Debug|Any CPU
		{3F0A4D7E-364D-4253-A9D7-49709E796842}.Debug|x86.ActiveCfg = Debug|Any CPU
		{3F0A4D7E-364D-4253-A9D7-49709E796842}.Debug|x86.Build.0 = Debug|Any CPU
		{3F0A4D7E-364D-4253-A9D7-49709E796842}.Release|Any CPU.ActiveCfg = Release|Any CPU
		{3F0A4D7E-364D-4253-A9D7-49709E796842}.Release|Any CPU.Build.0 = Release|Any CPU
		{3F0A4D7E-364D-4253-A9D7-49709E796842}.Release|x64.ActiveCfg = Release|Any CPU
		{3F0A4D7E-364D-4253-A9D7-49709E796842}.Release|x64.Build.0 = Release|Any CPU
		{3F0A4D7E-364D-4253-A9D7-49709E796842}.Release|x86.ActiveCfg = Release|Any CPU
		{3F0A4D7E-364D-4253-A9D7-49709E796842}.Release|x86.Build.0 = Release|Any CPU
		{0302B044-7BBD-4A4F-9593-224F9F262C89}.Debug|Any CPU.ActiveCfg = Debug|Any CPU
		{0302B044-7BBD-4A4F-9593-224F9F262C89}.Debug|Any CPU.Build.0 = Debug|Any CPU
		{0302B044-7BBD-4A4F-9593-224F9F262C89}.Debug|x64.ActiveCfg = Debug|Any CPU
		{0302B044-7BBD-4A4F-9593-224F9F262C89}.Debug|x64.Build.0 = Debug|Any CPU
		{0302B044-7BBD-4A4F-9593-224F9F262C89}.Debug|x86.ActiveCfg = Debug|Any CPU
		{0302B044-7BBD-4A4F-9593-224F9F262C89}.Debug|x86.Build.0 = Debug|Any CPU
		{0302B044-7BBD-4A4F-9593-224F9F262C89}.Release|Any CPU.ActiveCfg = Release|Any CPU
		{0302B044-7BBD-4A4F-9593-224F9F262C89}.Release|Any CPU.Build.0 = Release|Any CPU
		{0302B044-7BBD-4A4F-9593-224F9F262C89}.Release|x64.ActiveCfg = Release|Any CPU
		{0302B044-7BBD-4A4F-9593-224F9F262C89}.Release|x64.Build.0 = Release|Any CPU
		{0302B044-7BBD-4A4F-9593-224F9F262C89}.Release|x86.ActiveCfg = Release|Any CPU
		{0302B044-7BBD-4A4F-9593-224F9F262C89}.Release|x86.Build.0 = Release|Any CPU
		{97B6B723-9DF0-4192-A20F-64856750131C}.Debug|Any CPU.ActiveCfg = Debug|Any CPU
		{97B6B723-9DF0-4192-A20F-64856750131C}.Debug|Any CPU.Build.0 = Debug|Any CPU
		{97B6B723-9DF0-4192-A20F-64856750131C}.Debug|x64.ActiveCfg = Debug|Any CPU
		{97B6B723-9DF0-4192-A20F-64856750131C}.Debug|x64.Build.0 = Debug|Any CPU
		{97B6B723-9DF0-4192-A20F-64856750131C}.Debug|x86.ActiveCfg = Debug|Any CPU
		{97B6B723-9DF0-4192-A20F-64856750131C}.Debug|x86.Build.0 = Debug|Any CPU
		{97B6B723-9DF0-4192-A20F-64856750131C}.Release|Any CPU.ActiveCfg = Release|Any CPU
		{97B6B723-9DF0-4192-A20F-64856750131C}.Release|Any CPU.Build.0 = Release|Any CPU
		{97B6B723-9DF0-4192-A20F-64856750131C}.Release|x64.ActiveCfg = Release|Any CPU
		{97B6B723-9DF0-4192-A20F-64856750131C}.Release|x64.Build.0 = Release|Any CPU
		{97B6B723-9DF0-4192-A20F-64856750131C}.Release|x86.ActiveCfg = Release|Any CPU
		{97B6B723-9DF0-4192-A20F-64856750131C}.Release|x86.Build.0 = Release|Any CPU
		{8BD7F693-C4E7-46C2-911B-3769647CE25D}.Debug|Any CPU.ActiveCfg = Debug|Any CPU
		{8BD7F693-C4E7-46C2-911B-3769647CE25D}.Debug|Any CPU.Build.0 = Debug|Any CPU
		{8BD7F693-C4E7-46C2-911B-3769647CE25D}.Debug|x64.ActiveCfg = Debug|Any CPU
		{8BD7F693-C4E7-46C2-911B-3769647CE25D}.Debug|x64.Build.0 = Debug|Any CPU
		{8BD7F693-C4E7-46C2-911B-3769647CE25D}.Debug|x86.ActiveCfg = Debug|Any CPU
		{8BD7F693-C4E7-46C2-911B-3769647CE25D}.Debug|x86.Build.0 = Debug|Any CPU
		{8BD7F693-C4E7-46C2-911B-3769647CE25D}.Release|Any CPU.ActiveCfg = Release|Any CPU
		{8BD7F693-C4E7-46C2-911B-3769647CE25D}.Release|Any CPU.Build.0 = Release|Any CPU
		{8BD7F693-C4E7-46C2-911B-3769647CE25D}.Release|x64.ActiveCfg = Release|Any CPU
		{8BD7F693-C4E7-46C2-911B-3769647CE25D}.Release|x64.Build.0 = Release|Any CPU
		{8BD7F693-C4E7-46C2-911B-3769647CE25D}.Release|x86.ActiveCfg = Release|Any CPU
		{8BD7F693-C4E7-46C2-911B-3769647CE25D}.Release|x86.Build.0 = Release|Any CPU
		{EC8A1D05-F49E-4D21-9F34-709534BDD75B}.Debug|Any CPU.ActiveCfg = Debug|Any CPU
		{EC8A1D05-F49E-4D21-9F34-709534BDD75B}.Debug|Any CPU.Build.0 = Debug|Any CPU
		{EC8A1D05-F49E-4D21-9F34-709534BDD75B}.Debug|x64.ActiveCfg = Debug|Any CPU
		{EC8A1D05-F49E-4D21-9F34-709534BDD75B}.Debug|x64.Build.0 = Debug|Any CPU
		{EC8A1D05-F49E-4D21-9F34-709534BDD75B}.Debug|x86.ActiveCfg = Debug|Any CPU
		{EC8A1D05-F49E-4D21-9F34-709534BDD75B}.Debug|x86.Build.0 = Debug|Any CPU
		{EC8A1D05-F49E-4D21-9F34-709534BDD75B}.Release|Any CPU.ActiveCfg = Release|Any CPU
		{EC8A1D05-F49E-4D21-9F34-709534BDD75B}.Release|Any CPU.Build.0 = Release|Any CPU
		{EC8A1D05-F49E-4D21-9F34-709534BDD75B}.Release|x64.ActiveCfg = Release|Any CPU
		{EC8A1D05-F49E-4D21-9F34-709534BDD75B}.Release|x64.Build.0 = Release|Any CPU
		{EC8A1D05-F49E-4D21-9F34-709534BDD75B}.Release|x86.ActiveCfg = Release|Any CPU
		{EC8A1D05-F49E-4D21-9F34-709534BDD75B}.Release|x86.Build.0 = Release|Any CPU
		{4435D178-D0F2-48BA-B209-B2092AA0CF2A}.Debug|Any CPU.ActiveCfg = Debug|Any CPU
		{4435D178-D0F2-48BA-B209-B2092AA0CF2A}.Debug|Any CPU.Build.0 = Debug|Any CPU
		{4435D178-D0F2-48BA-B209-B2092AA0CF2A}.Debug|x64.ActiveCfg = Debug|Any CPU
		{4435D178-D0F2-48BA-B209-B2092AA0CF2A}.Debug|x64.Build.0 = Debug|Any CPU
		{4435D178-D0F2-48BA-B209-B2092AA0CF2A}.Debug|x86.ActiveCfg = Debug|Any CPU
		{4435D178-D0F2-48BA-B209-B2092AA0CF2A}.Debug|x86.Build.0 = Debug|Any CPU
		{4435D178-D0F2-48BA-B209-B2092AA0CF2A}.Release|Any CPU.ActiveCfg = Release|Any CPU
		{4435D178-D0F2-48BA-B209-B2092AA0CF2A}.Release|Any CPU.Build.0 = Release|Any CPU
		{4435D178-D0F2-48BA-B209-B2092AA0CF2A}.Release|x64.ActiveCfg = Release|Any CPU
		{4435D178-D0F2-48BA-B209-B2092AA0CF2A}.Release|x64.Build.0 = Release|Any CPU
		{4435D178-D0F2-48BA-B209-B2092AA0CF2A}.Release|x86.ActiveCfg = Release|Any CPU
		{4435D178-D0F2-48BA-B209-B2092AA0CF2A}.Release|x86.Build.0 = Release|Any CPU
		{D36EBAC9-546C-4DE9-A8D4-1426400E38F7}.Debug|Any CPU.ActiveCfg = Debug|Any CPU
		{D36EBAC9-546C-4DE9-A8D4-1426400E38F7}.Debug|Any CPU.Build.0 = Debug|Any CPU
		{D36EBAC9-546C-4DE9-A8D4-1426400E38F7}.Debug|x64.ActiveCfg = Debug|Any CPU
		{D36EBAC9-546C-4DE9-A8D4-1426400E38F7}.Debug|x64.Build.0 = Debug|Any CPU
		{D36EBAC9-546C-4DE9-A8D4-1426400E38F7}.Debug|x86.ActiveCfg = Debug|Any CPU
		{D36EBAC9-546C-4DE9-A8D4-1426400E38F7}.Debug|x86.Build.0 = Debug|Any CPU
		{D36EBAC9-546C-4DE9-A8D4-1426400E38F7}.Release|Any CPU.ActiveCfg = Release|Any CPU
		{D36EBAC9-546C-4DE9-A8D4-1426400E38F7}.Release|Any CPU.Build.0 = Release|Any CPU
		{D36EBAC9-546C-4DE9-A8D4-1426400E38F7}.Release|x64.ActiveCfg = Release|Any CPU
		{D36EBAC9-546C-4DE9-A8D4-1426400E38F7}.Release|x64.Build.0 = Release|Any CPU
		{D36EBAC9-546C-4DE9-A8D4-1426400E38F7}.Release|x86.ActiveCfg = Release|Any CPU
		{D36EBAC9-546C-4DE9-A8D4-1426400E38F7}.Release|x86.Build.0 = Release|Any CPU
		{B5B9B7D3-4AF5-4250-B5D2-4709FB4DDD8C}.Debug|Any CPU.ActiveCfg = Debug|Any CPU
		{B5B9B7D3-4AF5-4250-B5D2-4709FB4DDD8C}.Debug|Any CPU.Build.0 = Debug|Any CPU
		{B5B9B7D3-4AF5-4250-B5D2-4709FB4DDD8C}.Debug|x64.ActiveCfg = Debug|Any CPU
		{B5B9B7D3-4AF5-4250-B5D2-4709FB4DDD8C}.Debug|x64.Build.0 = Debug|Any CPU
		{B5B9B7D3-4AF5-4250-B5D2-4709FB4DDD8C}.Debug|x86.ActiveCfg = Debug|Any CPU
		{B5B9B7D3-4AF5-4250-B5D2-4709FB4DDD8C}.Debug|x86.Build.0 = Debug|Any CPU
		{B5B9B7D3-4AF5-4250-B5D2-4709FB4DDD8C}.Release|Any CPU.ActiveCfg = Release|Any CPU
		{B5B9B7D3-4AF5-4250-B5D2-4709FB4DDD8C}.Release|Any CPU.Build.0 = Release|Any CPU
		{B5B9B7D3-4AF5-4250-B5D2-4709FB4DDD8C}.Release|x64.ActiveCfg = Release|Any CPU
		{B5B9B7D3-4AF5-4250-B5D2-4709FB4DDD8C}.Release|x64.Build.0 = Release|Any CPU
		{B5B9B7D3-4AF5-4250-B5D2-4709FB4DDD8C}.Release|x86.ActiveCfg = Release|Any CPU
		{B5B9B7D3-4AF5-4250-B5D2-4709FB4DDD8C}.Release|x86.Build.0 = Release|Any CPU
		{B75C65A6-A570-4CA6-982D-6EC39122C20B}.Debug|Any CPU.ActiveCfg = Debug|Any CPU
		{B75C65A6-A570-4CA6-982D-6EC39122C20B}.Debug|Any CPU.Build.0 = Debug|Any CPU
		{B75C65A6-A570-4CA6-982D-6EC39122C20B}.Debug|x64.ActiveCfg = Debug|Any CPU
		{B75C65A6-A570-4CA6-982D-6EC39122C20B}.Debug|x64.Build.0 = Debug|Any CPU
		{B75C65A6-A570-4CA6-982D-6EC39122C20B}.Debug|x86.ActiveCfg = Debug|Any CPU
		{B75C65A6-A570-4CA6-982D-6EC39122C20B}.Debug|x86.Build.0 = Debug|Any CPU
		{B75C65A6-A570-4CA6-982D-6EC39122C20B}.Release|Any CPU.ActiveCfg = Release|Any CPU
		{B75C65A6-A570-4CA6-982D-6EC39122C20B}.Release|Any CPU.Build.0 = Release|Any CPU
		{B75C65A6-A570-4CA6-982D-6EC39122C20B}.Release|x64.ActiveCfg = Release|Any CPU
		{B75C65A6-A570-4CA6-982D-6EC39122C20B}.Release|x64.Build.0 = Release|Any CPU
		{B75C65A6-A570-4CA6-982D-6EC39122C20B}.Release|x86.ActiveCfg = Release|Any CPU
		{B75C65A6-A570-4CA6-982D-6EC39122C20B}.Release|x86.Build.0 = Release|Any CPU
	EndGlobalSection
	GlobalSection(SolutionProperties) = preSolution
		HideSolutionNode = FALSE
	EndGlobalSection
	GlobalSection(NestedProjects) = preSolution
		{79A594C4-55F3-4B25-B26C-2FD4F1C77FDC} = {4D5367C9-5F9C-4176-A942-5DE72B59635A}
		{9128A085-A0FD-45ED-8B1D-5313F170C20E} = {4D5367C9-5F9C-4176-A942-5DE72B59635A}
		{4D5367C9-5F9C-4176-A942-5DE72B59635A} = {FF6CB589-618C-42F7-86F7-F3B7B34DBA89}
		{C7E9D441-A4FE-49CD-9EB7-E90D16B454B6} = {FF6CB589-618C-42F7-86F7-F3B7B34DBA89}
		{D49F2CBE-1723-422A-BCED-07EE52BEFC13} = {C7E9D441-A4FE-49CD-9EB7-E90D16B454B6}
		{A207638D-178C-4E88-A815-51C30D94CF3F} = {C7E9D441-A4FE-49CD-9EB7-E90D16B454B6}
		{58FE4505-734C-4581-B146-2F0816A3EEA5} = {FF6CB589-618C-42F7-86F7-F3B7B34DBA89}
		{D2BBF5E9-C3A7-45E1-9539-1176D964CF98} = {58FE4505-734C-4581-B146-2F0816A3EEA5}
		{9071EB8B-CCD1-44B6-9330-979C58753048} = {FF6CB589-618C-42F7-86F7-F3B7B34DBA89}
		{C5F13405-F0C2-4E26-A493-0827496EFBC8} = {9071EB8B-CCD1-44B6-9330-979C58753048}
		{6938ACA4-005C-4C9D-92DB-95ADA92D6E56} = {58FE4505-734C-4581-B146-2F0816A3EEA5}
		{A766E460-79C6-4DE9-989D-044D11BC09C4} = {FF6CB589-618C-42F7-86F7-F3B7B34DBA89}
		{35A4409D-7607-44B3-A710-E2413A0B05A4} = {A766E460-79C6-4DE9-989D-044D11BC09C4}
		{ED525D0C-0AA2-4599-9B3F-84CF85DFB47A} = {FF6CB589-618C-42F7-86F7-F3B7B34DBA89}
		{71E950FA-32C7-44BF-B856-6C3867A0B298} = {ED525D0C-0AA2-4599-9B3F-84CF85DFB47A}
		{2C75260C-F08F-4FCC-BD4C-9EFA7A227CB6} = {FF6CB589-618C-42F7-86F7-F3B7B34DBA89}
		{DA7DAFCA-DC5A-408E-A925-E2F369BD15CB} = {2C75260C-F08F-4FCC-BD4C-9EFA7A227CB6}
		{94A4B7A2-E883-4A95-839B-85B1307565FD} = {FF6CB589-618C-42F7-86F7-F3B7B34DBA89}
		{A532D736-D646-4093-B382-C88593A66797} = {94A4B7A2-E883-4A95-839B-85B1307565FD}
		{89EA8B81-031D-478D-83DF-B83BC138BB32} = {FF6CB589-618C-42F7-86F7-F3B7B34DBA89}
		{9AEB84E9-6CF8-443A-A695-B31E3BF843BC} = {89EA8B81-031D-478D-83DF-B83BC138BB32}
		{2665825F-4647-458A-9E1B-6E9533CF1F51} = {FF6CB589-618C-42F7-86F7-F3B7B34DBA89}
		{A9C50663-5B03-4D33-9D3E-624DFBAE27D9} = {2665825F-4647-458A-9E1B-6E9533CF1F51}
		{6B0A4D91-9556-44A0-8B55-F6401175CA5F} = {C4055C1A-8CA6-446D-849C-A478F14BEDFB}
		{B266B294-0412-4A24-9566-6642A962B42B} = {6B0A4D91-9556-44A0-8B55-F6401175CA5F}
		{226D696A-160F-44B7-AD89-AE5A3C9E143F} = {6B0A4D91-9556-44A0-8B55-F6401175CA5F}
		{4B236005-F7F1-4087-8463-39DD8ACD10D9} = {C4055C1A-8CA6-446D-849C-A478F14BEDFB}
		{E4EA8849-9B7A-4ED8-B23A-C4FC7634632A} = {4B236005-F7F1-4087-8463-39DD8ACD10D9}
		{1109ACFB-24F4-4E4E-BAE9-C970D5CFF7AE} = {4B236005-F7F1-4087-8463-39DD8ACD10D9}
		{C8102FED-BF89-4C9F-B8E5-56F2BEBA5FF8} = {C4055C1A-8CA6-446D-849C-A478F14BEDFB}
		{5C78B012-8C1B-4BE4-822A-27B70113E0DC} = {C8102FED-BF89-4C9F-B8E5-56F2BEBA5FF8}
		{094CF576-942E-4297-83ED-E9D9297909D4} = {70DDFD3E-4985-4E56-A24B-3FC5C90001D4}
		{5B754733-44E8-445B-86A1-2E5CEFE9DDF7} = {70DDFD3E-4985-4E56-A24B-3FC5C90001D4}
		{8904D8B9-A311-4810-A7C3-D86D84DE9A51} = {70DDFD3E-4985-4E56-A24B-3FC5C90001D4}
		{70DDFD3E-4985-4E56-A24B-3FC5C90001D4} = {0361CDC9-D3A6-4A94-894B-3F47E41D200F}
		{3F0A4D7E-364D-4253-A9D7-49709E796842} = {70DDFD3E-4985-4E56-A24B-3FC5C90001D4}
		{EB2C3FB9-1A37-46E4-8D55-B4DD98BD7715} = {0361CDC9-D3A6-4A94-894B-3F47E41D200F}
		{0302B044-7BBD-4A4F-9593-224F9F262C89} = {EB2C3FB9-1A37-46E4-8D55-B4DD98BD7715}
		{97B6B723-9DF0-4192-A20F-64856750131C} = {EB2C3FB9-1A37-46E4-8D55-B4DD98BD7715}
		{8BD7F693-C4E7-46C2-911B-3769647CE25D} = {EB2C3FB9-1A37-46E4-8D55-B4DD98BD7715}
		{EC8A1D05-F49E-4D21-9F34-709534BDD75B} = {07B492BF-A372-40D5-9FC1-AEF423EAA990}
		{4435D178-D0F2-48BA-B209-B2092AA0CF2A} = {07B492BF-A372-40D5-9FC1-AEF423EAA990}
		{D36EBAC9-546C-4DE9-A8D4-1426400E38F7} = {07B492BF-A372-40D5-9FC1-AEF423EAA990}
		{B5B9B7D3-4AF5-4250-B5D2-4709FB4DDD8C} = {07B492BF-A372-40D5-9FC1-AEF423EAA990}
		{B75C65A6-A570-4CA6-982D-6EC39122C20B} = {C4055C1A-8CA6-446D-849C-A478F14BEDFB}
	EndGlobalSection
	GlobalSection(ExtensibilityGlobals) = postSolution
		SolutionGuid = {C873A4C2-92CA-4618-BC5D-6BE660464384}
	EndGlobalSection
EndGlobal
